
Microsoft Visual Studio Solution File, Format Version 12.00
# Visual Studio Version 17
VisualStudioVersion = 17.3.32929.385
MinimumVisualStudioVersion = 10.0.40219.1
Project("{FAE04EC0-301F-11D3-BF4B-00C04F79EFBC}") = "ConsoleApp3", "ConsoleApp3\ConsoleApp3.csproj", "{97435E4B-6611-403A-AA8A-1D85E94265F7}"
EndProject
Global
	GlobalSection(SolutionConfigurationPlatforms) = preSolution
		Debug|Any CPU = Debug|Any CPU
		Release|Any CPU = Release|Any CPU
	EndGlobalSection
	GlobalSection(ProjectConfigurationPlatforms) = postSolution
		{97435E4B-6611-403A-AA8A-1D85E94265F7}.Debug|Any CPU.ActiveCfg = Debug|Any CPU
		{97435E4B-6611-403A-AA8A-1D85E94265F7}.Debug|Any CPU.Build.0 = Debug|Any CPU
		{97435E4B-6611-403A-AA8A-1D85E94265F7}.Release|Any CPU.ActiveCfg = Release|Any CPU
		{97435E4B-6611-403A-AA8A-1D85E94265F7}.Release|Any CPU.Build.0 = Release|Any CPU
	EndGlobalSection
	GlobalSection(SolutionProperties) = preSolution
		HideSolutionNode = FALSE
	EndGlobalSection
	GlobalSection(ExtensibilityGlobals) = postSolution
		SolutionGuid = {EC9A2D26-F487-4160-9C1A-C99BD23C1D90}
	EndGlobalSection
EndGlobal
